// !$*UTF8*$!
{
	archiveVersion = 1;
	classes = {
	};
	objectVersion = 50;
	objects = {

/* Begin PBXBuildFile section */
		1E110B8A9B2B66D8CAB80625 /* Pods_TriviaTest.framework in Frameworks */ = {isa = PBXBuildFile; fileRef = AEC7A204D780C89519C59F87 /* Pods_TriviaTest.framework */; };
		25BEFC02222DCE56004B684C /* AppDelegate.swift in Sources */ = {isa = PBXBuildFile; fileRef = 25BEFC01222DCE56004B684C /* AppDelegate.swift */; };
		25BEFC04222DCE56004B684C /* CategoryViewController.swift in Sources */ = {isa = PBXBuildFile; fileRef = 25BEFC03222DCE56004B684C /* CategoryViewController.swift */; };
		25BEFC07222DCE56004B684C /* Main.storyboard in Resources */ = {isa = PBXBuildFile; fileRef = 25BEFC05222DCE56004B684C /* Main.storyboard */; };
		25BEFC09222DCE58004B684C /* Assets.xcassets in Resources */ = {isa = PBXBuildFile; fileRef = 25BEFC08222DCE58004B684C /* Assets.xcassets */; };
		25BEFC0C222DCE58004B684C /* LaunchScreen.storyboard in Resources */ = {isa = PBXBuildFile; fileRef = 25BEFC0A222DCE58004B684C /* LaunchScreen.storyboard */; };
		25BEFC14222DD011004B684C /* Constants.swift in Sources */ = {isa = PBXBuildFile; fileRef = 25BEFC13222DD011004B684C /* Constants.swift */; };
		25BEFC18222DD805004B684C /* CategoryCell.swift in Sources */ = {isa = PBXBuildFile; fileRef = 25BEFC17222DD805004B684C /* CategoryCell.swift */; };
		25BEFC1A222DE5E9004B684C /* BaseViewController.swift in Sources */ = {isa = PBXBuildFile; fileRef = 25BEFC19222DE5E9004B684C /* BaseViewController.swift */; };
		25BEFC1C222DF51A004B684C /* DifficultySelectionViewController.swift in Sources */ = {isa = PBXBuildFile; fileRef = 25BEFC1B222DF51A004B684C /* DifficultySelectionViewController.swift */; };
		25F871F4222F1396006BE278 /* ApiManager.swift in Sources */ = {isa = PBXBuildFile; fileRef = 25F871F3222F1396006BE278 /* ApiManager.swift */; };
		25F871F6222F1544006BE278 /* QuestionData.swift in Sources */ = {isa = PBXBuildFile; fileRef = 25F871F5222F1544006BE278 /* QuestionData.swift */; };
		25F871F8222F1D41006BE278 /* QuestionDataApiParser.swift in Sources */ = {isa = PBXBuildFile; fileRef = 25F871F7222F1D41006BE278 /* QuestionDataApiParser.swift */; };
		25F871FA222F3168006BE278 /* QuestionRequest.swift in Sources */ = {isa = PBXBuildFile; fileRef = 25F871F9222F3168006BE278 /* QuestionRequest.swift */; };
		25F87201223408B8006BE278 /* QuestionViewController.swift in Sources */ = {isa = PBXBuildFile; fileRef = 25F87200223408B8006BE278 /* QuestionViewController.swift */; };
/* End PBXBuildFile section */

/* Begin PBXFileReference section */
		20AE6BCB23907E471F516169 /* Pods-TriviaTest.debug.xcconfig */ = {isa = PBXFileReference; includeInIndex = 1; lastKnownFileType = text.xcconfig; name = "Pods-TriviaTest.debug.xcconfig"; path = "Pods/Target Support Files/Pods-TriviaTest/Pods-TriviaTest.debug.xcconfig"; sourceTree = "<group>"; };
		25BEFBFE222DCE56004B684C /* TriviaTest.app */ = {isa = PBXFileReference; explicitFileType = wrapper.application; includeInIndex = 0; path = TriviaTest.app; sourceTree = BUILT_PRODUCTS_DIR; };
		25BEFC01222DCE56004B684C /* AppDelegate.swift */ = {isa = PBXFileReference; lastKnownFileType = sourcecode.swift; path = AppDelegate.swift; sourceTree = "<group>"; };
		25BEFC03222DCE56004B684C /* CategoryViewController.swift */ = {isa = PBXFileReference; lastKnownFileType = sourcecode.swift; path = CategoryViewController.swift; sourceTree = "<group>"; };
		25BEFC06222DCE56004B684C /* Base */ = {isa = PBXFileReference; lastKnownFileType = file.storyboard; name = Base; path = Base.lproj/Main.storyboard; sourceTree = "<group>"; };
		25BEFC08222DCE58004B684C /* Assets.xcassets */ = {isa = PBXFileReference; lastKnownFileType = folder.assetcatalog; path = Assets.xcassets; sourceTree = "<group>"; };
		25BEFC0B222DCE58004B684C /* Base */ = {isa = PBXFileReference; lastKnownFileType = file.storyboard; name = Base; path = Base.lproj/LaunchScreen.storyboard; sourceTree = "<group>"; };
		25BEFC0D222DCE58004B684C /* Info.plist */ = {isa = PBXFileReference; lastKnownFileType = text.plist.xml; path = Info.plist; sourceTree = "<group>"; };
		25BEFC13222DD011004B684C /* Constants.swift */ = {isa = PBXFileReference; lastKnownFileType = sourcecode.swift; path = Constants.swift; sourceTree = "<group>"; };
		25BEFC17222DD805004B684C /* CategoryCell.swift */ = {isa = PBXFileReference; lastKnownFileType = sourcecode.swift; path = CategoryCell.swift; sourceTree = "<group>"; };
		25BEFC19222DE5E9004B684C /* BaseViewController.swift */ = {isa = PBXFileReference; lastKnownFileType = sourcecode.swift; path = BaseViewController.swift; sourceTree = "<group>"; };
		25BEFC1B222DF51A004B684C /* DifficultySelectionViewController.swift */ = {isa = PBXFileReference; lastKnownFileType = sourcecode.swift; path = DifficultySelectionViewController.swift; sourceTree = "<group>"; };
		25F871F3222F1396006BE278 /* ApiManager.swift */ = {isa = PBXFileReference; lastKnownFileType = sourcecode.swift; path = ApiManager.swift; sourceTree = "<group>"; };
		25F871F5222F1544006BE278 /* QuestionData.swift */ = {isa = PBXFileReference; lastKnownFileType = sourcecode.swift; path = QuestionData.swift; sourceTree = "<group>"; };
		25F871F7222F1D41006BE278 /* QuestionDataApiParser.swift */ = {isa = PBXFileReference; lastKnownFileType = sourcecode.swift; path = QuestionDataApiParser.swift; sourceTree = "<group>"; };
		25F871F9222F3168006BE278 /* QuestionRequest.swift */ = {isa = PBXFileReference; lastKnownFileType = sourcecode.swift; path = QuestionRequest.swift; sourceTree = "<group>"; };
		25F87200223408B8006BE278 /* QuestionViewController.swift */ = {isa = PBXFileReference; lastKnownFileType = sourcecode.swift; path = QuestionViewController.swift; sourceTree = "<group>"; };
		AEC7A204D780C89519C59F87 /* Pods_TriviaTest.framework */ = {isa = PBXFileReference; explicitFileType = wrapper.framework; includeInIndex = 0; path = Pods_TriviaTest.framework; sourceTree = BUILT_PRODUCTS_DIR; };
		E03AF513589C494BA0934371 /* Pods-TriviaTest.release.xcconfig */ = {isa = PBXFileReference; includeInIndex = 1; lastKnownFileType = text.xcconfig; name = "Pods-TriviaTest.release.xcconfig"; path = "Pods/Target Support Files/Pods-TriviaTest/Pods-TriviaTest.release.xcconfig"; sourceTree = "<group>"; };
/* End PBXFileReference section */

/* Begin PBXFrameworksBuildPhase section */
		25BEFBFB222DCE56004B684C /* Frameworks */ = {
			isa = PBXFrameworksBuildPhase;
			buildActionMask = 2147483647;
			files = (
				1E110B8A9B2B66D8CAB80625 /* Pods_TriviaTest.framework in Frameworks */,
			);
			runOnlyForDeploymentPostprocessing = 0;
		};
/* End PBXFrameworksBuildPhase section */

/* Begin PBXGroup section */
		11AF0C58416D6AEDA0A648FC /* Pods */ = {
			isa = PBXGroup;
			children = (
				20AE6BCB23907E471F516169 /* Pods-TriviaTest.debug.xcconfig */,
				E03AF513589C494BA0934371 /* Pods-TriviaTest.release.xcconfig */,
			);
			name = Pods;
			sourceTree = "<group>";
		};
		25BEFBF5222DCE56004B684C = {
			isa = PBXGroup;
			children = (
				25BEFC00222DCE56004B684C /* TriviaTest */,
				25BEFBFF222DCE56004B684C /* Products */,
				11AF0C58416D6AEDA0A648FC /* Pods */,
				D9E2E1F0FDDF875DBA5D144F /* Frameworks */,
			);
			sourceTree = "<group>";
		};
		25BEFBFF222DCE56004B684C /* Products */ = {
			isa = PBXGroup;
			children = (
				25BEFBFE222DCE56004B684C /* TriviaTest.app */,
			);
			name = Products;
			sourceTree = "<group>";
		};
		25BEFC00222DCE56004B684C /* TriviaTest */ = {
			isa = PBXGroup;
			children = (
				25BEFC0D222DCE58004B684C /* Info.plist */,
				25F871FD223403AA006BE278 /* Controllers */,
				25F871FE223403D6006BE278 /* Model */,
				25F871FF223403E5006BE278 /* Misc */,
				25F871FB22340365006BE278 /* View */,
				25F871FC22340384006BE278 /* TriviaApi */,
			);
			path = TriviaTest;
			sourceTree = "<group>";
		};
		25F871FB22340365006BE278 /* View */ = {
			isa = PBXGroup;
			children = (
				25BEFC17222DD805004B684C /* CategoryCell.swift */,
				25BEFC0A222DCE58004B684C /* LaunchScreen.storyboard */,
				25BEFC05222DCE56004B684C /* Main.storyboard */,
				25BEFC08222DCE58004B684C /* Assets.xcassets */,
			);
			path = View;
			sourceTree = "<group>";
		};
		25F871FC22340384006BE278 /* TriviaApi */ = {
			isa = PBXGroup;
			children = (
				25F871F3222F1396006BE278 /* ApiManager.swift */,
				25F871F7222F1D41006BE278 /* QuestionDataApiParser.swift */,
				25F871F9222F3168006BE278 /* QuestionRequest.swift */,
			);
			path = TriviaApi;
			sourceTree = "<group>";
		};
		25F871FD223403AA006BE278 /* Controllers */ = {
			isa = PBXGroup;
			children = (
				25BEFC03222DCE56004B684C /* CategoryViewController.swift */,
				25BEFC19222DE5E9004B684C /* BaseViewController.swift */,
				25BEFC1B222DF51A004B684C /* DifficultySelectionViewController.swift */,
				25F87200223408B8006BE278 /* QuestionViewController.swift */,
			);
			path = Controllers;
			sourceTree = "<group>";
		};
		25F871FE223403D6006BE278 /* Model */ = {
			isa = PBXGroup;
			children = (
				25F871F5222F1544006BE278 /* QuestionData.swift */,
			);
			path = Model;
			sourceTree = "<group>";
		};
		25F871FF223403E5006BE278 /* Misc */ = {
			isa = PBXGroup;
			children = (
				25BEFC01222DCE56004B684C /* AppDelegate.swift */,
				25BEFC13222DD011004B684C /* Constants.swift */,
			);
			path = Misc;
			sourceTree = "<group>";
		};
		D9E2E1F0FDDF875DBA5D144F /* Frameworks */ = {
			isa = PBXGroup;
			children = (
				AEC7A204D780C89519C59F87 /* Pods_TriviaTest.framework */,
			);
			name = Frameworks;
			sourceTree = "<group>";
		};
/* End PBXGroup section */

/* Begin PBXNativeTarget section */
		25BEFBFD222DCE56004B684C /* TriviaTest */ = {
			isa = PBXNativeTarget;
			buildConfigurationList = 25BEFC10222DCE58004B684C /* Build configuration list for PBXNativeTarget "TriviaTest" */;
			buildPhases = (
				782E3E84A1392FAC4CD44B78 /* [CP] Check Pods Manifest.lock */,
				25BEFBFA222DCE56004B684C /* Sources */,
				25BEFBFB222DCE56004B684C /* Frameworks */,
				25BEFBFC222DCE56004B684C /* Resources */,
				8992842D2A613718A2CEACC4 /* [CP] Embed Pods Frameworks */,
			);
			buildRules = (
			);
			dependencies = (
			);
			name = TriviaTest;
			productName = TriviaTest;
			productReference = 25BEFBFE222DCE56004B684C /* TriviaTest.app */;
			productType = "com.apple.product-type.application";
		};
/* End PBXNativeTarget section */

/* Begin PBXProject section */
		25BEFBF6222DCE56004B684C /* Project object */ = {
			isa = PBXProject;
			attributes = {
				LastSwiftUpdateCheck = 1010;
				LastUpgradeCheck = 1010;
				ORGANIZATIONNAME = "Anton Trofimenko";
				TargetAttributes = {
					25BEFBFD222DCE56004B684C = {
						CreatedOnToolsVersion = 10.1;
					};
				};
			};
			buildConfigurationList = 25BEFBF9222DCE56004B684C /* Build configuration list for PBXProject "TriviaTest" */;
			compatibilityVersion = "Xcode 9.3";
			developmentRegion = en;
			hasScannedForEncodings = 0;
			knownRegions = (
				en,
				Base,
			);
			mainGroup = 25BEFBF5222DCE56004B684C;
			productRefGroup = 25BEFBFF222DCE56004B684C /* Products */;
			projectDirPath = "";
			projectRoot = "";
			targets = (
				25BEFBFD222DCE56004B684C /* TriviaTest */,
			);
		};
/* End PBXProject section */

/* Begin PBXResourcesBuildPhase section */
		25BEFBFC222DCE56004B684C /* Resources */ = {
			isa = PBXResourcesBuildPhase;
			buildActionMask = 2147483647;
			files = (
				25BEFC0C222DCE58004B684C /* LaunchScreen.storyboard in Resources */,
				25BEFC09222DCE58004B684C /* Assets.xcassets in Resources */,
				25BEFC07222DCE56004B684C /* Main.storyboard in Resources */,
			);
			runOnlyForDeploymentPostprocessing = 0;
		};
/* End PBXResourcesBuildPhase section */

/* Begin PBXShellScriptBuildPhase section */
		782E3E84A1392FAC4CD44B78 /* [CP] Check Pods Manifest.lock */ = {
			isa = PBXShellScriptBuildPhase;
			buildActionMask = 2147483647;
			files = (
			);
			inputFileListPaths = (
			);
			inputPaths = (
				"${PODS_PODFILE_DIR_PATH}/Podfile.lock",
				"${PODS_ROOT}/Manifest.lock",
			);
			name = "[CP] Check Pods Manifest.lock";
			outputFileListPaths = (
			);
			outputPaths = (
				"$(DERIVED_FILE_DIR)/Pods-TriviaTest-checkManifestLockResult.txt",
			);
			runOnlyForDeploymentPostprocessing = 0;
			shellPath = /bin/sh;
			shellScript = "diff \"${PODS_PODFILE_DIR_PATH}/Podfile.lock\" \"${PODS_ROOT}/Manifest.lock\" > /dev/null\nif [ $? != 0 ] ; then\n    # print error to STDERR\n    echo \"error: The sandbox is not in sync with the Podfile.lock. Run 'pod install' or update your CocoaPods installation.\" >&2\n    exit 1\nfi\n# This output is used by Xcode 'outputs' to avoid re-running this script phase.\necho \"SUCCESS\" > \"${SCRIPT_OUTPUT_FILE_0}\"\n";
			showEnvVarsInLog = 0;
		};
		8992842D2A613718A2CEACC4 /* [CP] Embed Pods Frameworks */ = {
			isa = PBXShellScriptBuildPhase;
			buildActionMask = 2147483647;
			files = (
			);
			inputFileListPaths = (
			);
			inputPaths = (
				"${SRCROOT}/Pods/Target Support Files/Pods-TriviaTest/Pods-TriviaTest-frameworks.sh",
				"${BUILT_PRODUCTS_DIR}/BubbleTransition/BubbleTransition.framework",
				"${BUILT_PRODUCTS_DIR}/ChameleonFramework/ChameleonFramework.framework",
				"${BUILT_PRODUCTS_DIR}/MarqueeLabel/MarqueeLabel.framework",
				"${BUILT_PRODUCTS_DIR}/NotificationBannerSwift/NotificationBannerSwift.framework",
				"${BUILT_PRODUCTS_DIR}/SVProgressHUD/SVProgressHUD.framework",
				"${BUILT_PRODUCTS_DIR}/SnapKit/SnapKit.framework",
				"${BUILT_PRODUCTS_DIR}/SwiftyJSON/SwiftyJSON.framework",
			);
			name = "[CP] Embed Pods Frameworks";
			outputFileListPaths = (
			);
			outputPaths = (
				"${TARGET_BUILD_DIR}/${FRAMEWORKS_FOLDER_PATH}/BubbleTransition.framework",
				"${TARGET_BUILD_DIR}/${FRAMEWORKS_FOLDER_PATH}/ChameleonFramework.framework",
				"${TARGET_BUILD_DIR}/${FRAMEWORKS_FOLDER_PATH}/MarqueeLabel.framework",
				"${TARGET_BUILD_DIR}/${FRAMEWORKS_FOLDER_PATH}/NotificationBannerSwift.framework",
				"${TARGET_BUILD_DIR}/${FRAMEWORKS_FOLDER_PATH}/SVProgressHUD.framework",
				"${TARGET_BUILD_DIR}/${FRAMEWORKS_FOLDER_PATH}/SnapKit.framework",
				"${TARGET_BUILD_DIR}/${FRAMEWORKS_FOLDER_PATH}/SwiftyJSON.framework",
			);
			runOnlyForDeploymentPostprocessing = 0;
			shellPath = /bin/sh;
			shellScript = "\"${SRCROOT}/Pods/Target Support Files/Pods-TriviaTest/Pods-TriviaTest-frameworks.sh\"\n";
			showEnvVarsInLog = 0;
		};
/* End PBXShellScriptBuildPhase section */

/* Begin PBXSourcesBuildPhase section */
		25BEFBFA222DCE56004B684C /* Sources */ = {
			isa = PBXSourcesBuildPhase;
			buildActionMask = 2147483647;
			files = (
				25BEFC1A222DE5E9004B684C /* BaseViewController.swift in Sources */,
				25F871FA222F3168006BE278 /* QuestionRequest.swift in Sources */,
				25BEFC04222DCE56004B684C /* CategoryViewController.swift in Sources */,
				25BEFC1C222DF51A004B684C /* DifficultySelectionViewController.swift in Sources */,
				25F871F4222F1396006BE278 /* ApiManager.swift in Sources */,
				25BEFC02222DCE56004B684C /* AppDelegate.swift in Sources */,
				25BEFC14222DD011004B684C /* Constants.swift in Sources */,
				25BEFC18222DD805004B684C /* CategoryCell.swift in Sources */,
				25F871F8222F1D41006BE278 /* QuestionDataApiParser.swift in Sources */,
				25F871F6222F1544006BE278 /* QuestionData.swift in Sources */,
				25F87201223408B8006BE278 /* QuestionViewController.swift in Sources */,
			);
			runOnlyForDeploymentPostprocessing = 0;
		};
/* End PBXSourcesBuildPhase section */

/* Begin PBXVariantGroup section */
		25BEFC05222DCE56004B684C /* Main.storyboard */ = {
			isa = PBXVariantGroup;
			children = (
				25BEFC06222DCE56004B684C /* Base */,
			);
			name = Main.storyboard;
			sourceTree = "<group>";
		};
		25BEFC0A222DCE58004B684C /* LaunchScreen.storyboard */ = {
			isa = PBXVariantGroup;
			children = (
				25BEFC0B222DCE58004B684C /* Base */,
			);
			name = LaunchScreen.storyboard;
			sourceTree = "<group>";
		};
/* End PBXVariantGroup section */

/* Begin XCBuildConfiguration section */
		25BEFC0E222DCE58004B684C /* Debug */ = {
			isa = XCBuildConfiguration;
			buildSettings = {
				ALWAYS_SEARCH_USER_PATHS = NO;
				CLANG_ANALYZER_NONNULL = YES;
				CLANG_ANALYZER_NUMBER_OBJECT_CONVERSION = YES_AGGRESSIVE;
				CLANG_CXX_LANGUAGE_STANDARD = "gnu++14";
				CLANG_CXX_LIBRARY = "libc++";
				CLANG_ENABLE_MODULES = YES;
				CLANG_ENABLE_OBJC_ARC = YES;
				CLANG_ENABLE_OBJC_WEAK = YES;
				CLANG_WARN_BLOCK_CAPTURE_AUTORELEASING = YES;
				CLANG_WARN_BOOL_CONVERSION = YES;
				CLANG_WARN_COMMA = YES;
				CLANG_WARN_CONSTANT_CONVERSION = YES;
				CLANG_WARN_DEPRECATED_OBJC_IMPLEMENTATIONS = YES;
				CLANG_WARN_DIRECT_OBJC_ISA_USAGE = YES_ERROR;
				CLANG_WARN_DOCUMENTATION_COMMENTS = YES;
				CLANG_WARN_EMPTY_BODY = YES;
				CLANG_WARN_ENUM_CONVERSION = YES;
				CLANG_WARN_INFINITE_RECURSION = YES;
				CLANG_WARN_INT_CONVERSION = YES;
				CLANG_WARN_NON_LITERAL_NULL_CONVERSION = YES;
				CLANG_WARN_OBJC_IMPLICIT_RETAIN_SELF = YES;
				CLANG_WARN_OBJC_LITERAL_CONVERSION = YES;
				CLANG_WARN_OBJC_ROOT_CLASS = YES_ERROR;
				CLANG_WARN_RANGE_LOOP_ANALYSIS = YES;
				CLANG_WARN_STRICT_PROTOTYPES = YES;
				CLANG_WARN_SUSPICIOUS_MOVE = YES;
				CLANG_WARN_UNGUARDED_AVAILABILITY = YES_AGGRESSIVE;
				CLANG_WARN_UNREACHABLE_CODE = YES;
				CLANG_WARN__DUPLICATE_METHOD_MATCH = YES;
				CODE_SIGN_IDENTITY = "iPhone Developer";
				COPY_PHASE_STRIP = NO;
				DEBUG_INFORMATION_FORMAT = dwarf;
				ENABLE_STRICT_OBJC_MSGSEND = YES;
				ENABLE_TESTABILITY = YES;
				GCC_C_LANGUAGE_STANDARD = gnu11;
				GCC_DYNAMIC_NO_PIC = NO;
				GCC_NO_COMMON_BLOCKS = YES;
				GCC_OPTIMIZATION_LEVEL = 0;
				GCC_PREPROCESSOR_DEFINITIONS = (
					"DEBUG=1",
					"$(inherited)",
				);
				GCC_WARN_64_TO_32_BIT_CONVERSION = YES;
				GCC_WARN_ABOUT_RETURN_TYPE = YES_ERROR;
				GCC_WARN_UNDECLARED_SELECTOR = YES;
				GCC_WARN_UNINITIALIZED_AUTOS = YES_AGGRESSIVE;
				GCC_WARN_UNUSED_FUNCTION = YES;
				GCC_WARN_UNUSED_VARIABLE = YES;
				IPHONEOS_DEPLOYMENT_TARGET = 12.1;
				MTL_ENABLE_DEBUG_INFO = INCLUDE_SOURCE;
				MTL_FAST_MATH = YES;
				ONLY_ACTIVE_ARCH = YES;
				SDKROOT = iphoneos;
				SWIFT_ACTIVE_COMPILATION_CONDITIONS = DEBUG;
				SWIFT_OPTIMIZATION_LEVEL = "-Onone";
			};
			name = Debug;
		};
		25BEFC0F222DCE58004B684C /* Release */ = {
			isa = XCBuildConfiguration;
			buildSettings = {
				ALWAYS_SEARCH_USER_PATHS = NO;
				CLANG_ANALYZER_NONNULL = YES;
				CLANG_ANALYZER_NUMBER_OBJECT_CONVERSION = YES_AGGRESSIVE;
				CLANG_CXX_LANGUAGE_STANDARD = "gnu++14";
				CLANG_CXX_LIBRARY = "libc++";
				CLANG_ENABLE_MODULES = YES;
				CLANG_ENABLE_OBJC_ARC = YES;
				CLANG_ENABLE_OBJC_WEAK = YES;
				CLANG_WARN_BLOCK_CAPTURE_AUTORELEASING = YES;
				CLANG_WARN_BOOL_CONVERSION = YES;
				CLANG_WARN_COMMA = YES;
				CLANG_WARN_CONSTANT_CONVERSION = YES;
				CLANG_WARN_DEPRECATED_OBJC_IMPLEMENTATIONS = YES;
				CLANG_WARN_DIRECT_OBJC_ISA_USAGE = YES_ERROR;
				CLANG_WARN_DOCUMENTATION_COMMENTS = YES;
				CLANG_WARN_EMPTY_BODY = YES;
				CLANG_WARN_ENUM_CONVERSION = YES;
				CLANG_WARN_INFINITE_RECURSION = YES;
				CLANG_WARN_INT_CONVERSION = YES;
				CLANG_WARN_NON_LITERAL_NULL_CONVERSION = YES;
				CLANG_WARN_OBJC_IMPLICIT_RETAIN_SELF = YES;
				CLANG_WARN_OBJC_LITERAL_CONVERSION = YES;
				CLANG_WARN_OBJC_ROOT_CLASS = YES_ERROR;
				CLANG_WARN_RANGE_LOOP_ANALYSIS = YES;
				CLANG_WARN_STRICT_PROTOTYPES = YES;
				CLANG_WARN_SUSPICIOUS_MOVE = YES;
				CLANG_WARN_UNGUARDED_AVAILABILITY = YES_AGGRESSIVE;
				CLANG_WARN_UNREACHABLE_CODE = YES;
				CLANG_WARN__DUPLICATE_METHOD_MATCH = YES;
				CODE_SIGN_IDENTITY = "iPhone Developer";
				COPY_PHASE_STRIP = NO;
				DEBUG_INFORMATION_FORMAT = "dwarf-with-dsym";
				ENABLE_NS_ASSERTIONS = NO;
				ENABLE_STRICT_OBJC_MSGSEND = YES;
				GCC_C_LANGUAGE_STANDARD = gnu11;
				GCC_NO_COMMON_BLOCKS = YES;
				GCC_WARN_64_TO_32_BIT_CONVERSION = YES;
				GCC_WARN_ABOUT_RETURN_TYPE = YES_ERROR;
				GCC_WARN_UNDECLARED_SELECTOR = YES;
				GCC_WARN_UNINITIALIZED_AUTOS = YES_AGGRESSIVE;
				GCC_WARN_UNUSED_FUNCTION = YES;
				GCC_WARN_UNUSED_VARIABLE = YES;
				IPHONEOS_DEPLOYMENT_TARGET = 12.1;
				MTL_ENABLE_DEBUG_INFO = NO;
				MTL_FAST_MATH = YES;
				SDKROOT = iphoneos;
				SWIFT_COMPILATION_MODE = wholemodule;
				SWIFT_OPTIMIZATION_LEVEL = "-O";
				VALIDATE_PRODUCT = YES;
			};
			name = Release;
		};
		25BEFC11222DCE58004B684C /* Debug */ = {
			isa = XCBuildConfiguration;
			baseConfigurationReference = 20AE6BCB23907E471F516169 /* Pods-TriviaTest.debug.xcconfig */;
			buildSettings = {
				ASSETCATALOG_COMPILER_APPICON_NAME = AppIcon;
				CODE_SIGN_STYLE = Automatic;
				DEVELOPMENT_TEAM = XR7669MG3G;
				INFOPLIST_FILE = TriviaTest/Info.plist;
				IPHONEOS_DEPLOYMENT_TARGET = 10.0;
				LD_RUNPATH_SEARCH_PATHS = (
					"$(inherited)",
					"@executable_path/Frameworks",
				);
				PRODUCT_BUNDLE_IDENTIFIER = com.troantuan.TriviaTest;
				PRODUCT_NAME = "$(TARGET_NAME)";
				SWIFT_VERSION = 4.2;
				TARGETED_DEVICE_FAMILY = 1;
			};
			name = Debug;
		};
		25BEFC12222DCE58004B684C /* Release */ = {
			isa = XCBuildConfiguration;
			baseConfigurationReference = E03AF513589C494BA0934371 /* Pods-TriviaTest.release.xcconfig */;
			buildSettings = {
				ASSETCATALOG_COMPILER_APPICON_NAME = AppIcon;
				CODE_SIGN_STYLE = Automatic;
				DEVELOPMENT_TEAM = XR7669MG3G;
				INFOPLIST_FILE = TriviaTest/Info.plist;
				IPHONEOS_DEPLOYMENT_TARGET = 10.0;
				LD_RUNPATH_SEARCH_PATHS = (
					"$(inherited)",
					"@executable_path/Frameworks",
				);
				PRODUCT_BUNDLE_IDENTIFIER = com.troantuan.TriviaTest;
				PRODUCT_NAME = "$(TARGET_NAME)";
				SWIFT_VERSION = 4.2;
				TARGETED_DEVICE_FAMILY = 1;
			};
			name = Release;
		};
/* End XCBuildConfiguration section */

/* Begin XCConfigurationList section */
		25BEFBF9222DCE56004B684C /* Build configuration list for PBXProject "TriviaTest" */ = {
			isa = XCConfigurationList;
			buildConfigurations = (
				25BEFC0E222DCE58004B684C /* Debug */,
				25BEFC0F222DCE58004B684C /* Release */,
			);
			defaultConfigurationIsVisible = 0;
			defaultConfigurationName = Release;
		};
		25BEFC10222DCE58004B684C /* Build configuration list for PBXNativeTarget "TriviaTest" */ = {
			isa = XCConfigurationList;
			buildConfigurations = (
				25BEFC11222DCE58004B684C /* Debug */,
				25BEFC12222DCE58004B684C /* Release */,
			);
			defaultConfigurationIsVisible = 0;
			defaultConfigurationName = Release;
		};
/* End XCConfigurationList section */
	};
	rootObject = 25BEFBF6222DCE56004B684C /* Project object */;
}
